
Microsoft Visual Studio Solution File, Format Version 12.00
# Visual Studio Version 16
VisualStudioVersion = 16.0.29503.13
MinimumVisualStudioVersion = 10.0.40219.1
Project("{8BC9CEB8-8B4A-11D0-8D11-00A0C91BC942}") = "matrix_quant", "matrix_quant\matrix_quant.vcxproj", "{03E297E1-3FF5-4665-B07A-2092B26DD8BD}"
EndProject
Global
	GlobalSection(SolutionConfigurationPlatforms) = preSolution
		Debug|x64 = Debug|x64
		Debug|x86 = Debug|x86
		Release|x64 = Release|x64
		Release|x86 = Release|x86
	EndGlobalSection
	GlobalSection(ProjectConfigurationPlatforms) = postSolution
		{03E297E1-3FF5-4665-B07A-2092B26DD8BD}.Debug|x64.ActiveCfg = Debug|x64
		{03E297E1-3FF5-4665-B07A-2092B26DD8BD}.Debug|x64.Build.0 = Debug|x64
		{03E297E1-3FF5-4665-B07A-2092B26DD8BD}.Debug|x86.ActiveCfg = Debug|Win32
		{03E297E1-3FF5-4665-B07A-2092B26DD8BD}.Debug|x86.Build.0 = Debug|Win32
		{03E297E1-3FF5-4665-B07A-2092B26DD8BD}.Release|x64.ActiveCfg = Release|x64
		{03E297E1-3FF5-4665-B07A-2092B26DD8BD}.Release|x64.Build.0 = Release|x64
		{03E297E1-3FF5-4665-B07A-2092B26DD8BD}.Release|x86.ActiveCfg = Release|Win32
		{03E297E1-3FF5-4665-B07A-2092B26DD8BD}.Release|x86.Build.0 = Release|Win32
	EndGlobalSection
	GlobalSection(SolutionProperties) = preSolution
		HideSolutionNode = FALSE
	EndGlobalSection
	GlobalSection(ExtensibilityGlobals) = postSolution
		SolutionGuid = {31695BCB-5DCD-4947-A388-8AA5C8702DC9}
	EndGlobalSection
EndGlobal
